
Microsoft Visual Studio Solution File, Format Version 12.00
# Visual Studio Version 17
VisualStudioVersion = 17.3.32825.248
MinimumVisualStudioVersion = 10.0.40219.1
Project("{FAE04EC0-301F-11D3-BF4B-00C04F79EFBC}") = "Week6StringsAndArrays", "Week6StringsAndArrays\Week6StringsAndArrays.csproj", "{7CDB25DF-6F5C-4C43-B968-4F70E16AF48A}"
EndProject
Project("{FAE04EC0-301F-11D3-BF4B-00C04F79EFBC}") = "Arrays", "Arrays\Arrays.csproj", "{B07C88E7-3C24-4E2C-A0C7-A6AFC3A220E3}"
EndProject
Project("{FAE04EC0-301F-11D3-BF4B-00C04F79EFBC}") = "NumberArray", "NumberArray\NumberArray.csproj", "{EDD97B5D-8BD9-48BB-9B1B-AEE30FD50644}"
EndProject
Project("{FAE04EC0-301F-11D3-BF4B-00C04F79EFBC}") = "RandomElement", "RandomElement\RandomElement.csproj", "{3B81ED85-FE71-4AF3-992E-65FFA6DD5A08}"
EndProject
Global
	GlobalSection(SolutionConfigurationPlatforms) = preSolution
		Debug|Any CPU = Debug|Any CPU
		Release|Any CPU = Release|Any CPU
	EndGlobalSection
	GlobalSection(ProjectConfigurationPlatforms) = postSolution
		{7CDB25DF-6F5C-4C43-B968-4F70E16AF48A}.Debug|Any CPU.ActiveCfg = Debug|Any CPU
		{7CDB25DF-6F5C-4C43-B968-4F70E16AF48A}.Debug|Any CPU.Build.0 = Debug|Any CPU
		{7CDB25DF-6F5C-4C43-B968-4F70E16AF48A}.Release|Any CPU.ActiveCfg = Release|Any CPU
		{7CDB25DF-6F5C-4C43-B968-4F70E16AF48A}.Release|Any CPU.Build.0 = Release|Any CPU
		{B07C88E7-3C24-4E2C-A0C7-A6AFC3A220E3}.Debug|Any CPU.ActiveCfg = Debug|Any CPU
		{B07C88E7-3C24-4E2C-A0C7-A6AFC3A220E3}.Debug|Any CPU.Build.0 = Debug|Any CPU
		{B07C88E7-3C24-4E2C-A0C7-A6AFC3A220E3}.Release|Any CPU.ActiveCfg = Release|Any CPU
		{B07C88E7-3C24-4E2C-A0C7-A6AFC3A220E3}.Release|Any CPU.Build.0 = Release|Any CPU
		{EDD97B5D-8BD9-48BB-9B1B-AEE30FD50644}.Debug|Any CPU.ActiveCfg = Debug|Any CPU
		{EDD97B5D-8BD9-48BB-9B1B-AEE30FD50644}.Debug|Any CPU.Build.0 = Debug|Any CPU
		{EDD97B5D-8BD9-48BB-9B1B-AEE30FD50644}.Release|Any CPU.ActiveCfg = Release|Any CPU
		{EDD97B5D-8BD9-48BB-9B1B-AEE30FD50644}.Release|Any CPU.Build.0 = Release|Any CPU
		{3B81ED85-FE71-4AF3-992E-65FFA6DD5A08}.Debug|Any CPU.ActiveCfg = Debug|Any CPU
		{3B81ED85-FE71-4AF3-992E-65FFA6DD5A08}.Debug|Any CPU.Build.0 = Debug|Any CPU
		{3B81ED85-FE71-4AF3-992E-65FFA6DD5A08}.Release|Any CPU.ActiveCfg = Release|Any CPU
		{3B81ED85-FE71-4AF3-992E-65FFA6DD5A08}.Release|Any CPU.Build.0 = Release|Any CPU
	EndGlobalSection
	GlobalSection(SolutionProperties) = preSolution
		HideSolutionNode = FALSE
	EndGlobalSection
	GlobalSection(ExtensibilityGlobals) = postSolution
		SolutionGuid = {25E3A6F5-C4A4-4A48-B2E9-3CD05905FFA0}
	EndGlobalSection
EndGlobal
